# THIS IS AN AUTOGENERATED FILE. DO NOT EDIT THIS FILE DIRECTLY.
# yarn lockfile v1


acorn-bigint@^0.3.1:
  version "0.3.1"
  resolved "https://registry.npmjs.org/acorn-bigint/-/acorn-bigint-0.3.1.tgz#edb40a414dcaf5a09c2933db6bed79454b3ff46a"

acorn-jsx@^5.0.1:
  version "5.0.1"
  resolved "https://registry.npmjs.org/acorn-jsx/-/acorn-jsx-5.0.1.tgz#32a064fd925429216a09b141102bfdd185fae40e"

acorn@^6.1.1:
  version "6.1.1"
  resolved "https://registry.npmjs.org/acorn/-/acorn-6.1.1.tgz#7d25ae05bb8ad1f9b699108e1094ecd7884adc1f"

lodash@^4.17.11:
  version "4.17.11"
  resolved "https://registry.npmjs.org/lodash/-/lodash-4.17.11.tgz#b39ea6229ef607ecd89e2c8df12536891cac9b8d"
